// !$*UTF8*$!
{
	archiveVersion = 1;
	classes = {
	};
	objectVersion = 50;
	objects = {

/* Begin PBXBuildFile section */
		9109CEEF25F244B40032BBFA /* PostTableViewCell.swift in Sources */ = {isa = PBXBuildFile; fileRef = 9109CEED25F244B40032BBFA /* PostTableViewCell.swift */; };
		9109CEF025F244B40032BBFA /* PostTableViewCell.xib in Resources */ = {isa = PBXBuildFile; fileRef = 9109CEEE25F244B40032BBFA /* PostTableViewCell.xib */; };
		9109CEF525F24A250032BBFA /* Reusable.swift in Sources */ = {isa = PBXBuildFile; fileRef = 9109CEF425F24A250032BBFA /* Reusable.swift */; };
		9109CEF825F24A430032BBFA /* NibLoadable.swift in Sources */ = {isa = PBXBuildFile; fileRef = 9109CEF725F24A430032BBFA /* NibLoadable.swift */; };
		9109CEFD25F24BF00032BBFA /* UITableView+Reusable.swift in Sources */ = {isa = PBXBuildFile; fileRef = 9109CEFC25F24BF00032BBFA /* UITableView+Reusable.swift */; };
		91355B1F25F231AF00DD092C /* AppDelegate.swift in Sources */ = {isa = PBXBuildFile; fileRef = 91355B1E25F231AF00DD092C /* AppDelegate.swift */; };
		91355B2125F231AF00DD092C /* SceneDelegate.swift in Sources */ = {isa = PBXBuildFile; fileRef = 91355B2025F231AF00DD092C /* SceneDelegate.swift */; };
		91355B2325F231AF00DD092C /* ListViewController.swift in Sources */ = {isa = PBXBuildFile; fileRef = 91355B2225F231AF00DD092C /* ListViewController.swift */; };
		91355B2625F231AF00DD092C /* Main.storyboard in Resources */ = {isa = PBXBuildFile; fileRef = 91355B2425F231AF00DD092C /* Main.storyboard */; };
		91355B2825F231B100DD092C /* Assets.xcassets in Resources */ = {isa = PBXBuildFile; fileRef = 91355B2725F231B100DD092C /* Assets.xcassets */; };
		91355B2B25F231B100DD092C /* LaunchScreen.storyboard in Resources */ = {isa = PBXBuildFile; fileRef = 91355B2925F231B100DD092C /* LaunchScreen.storyboard */; };
		91355B3525F231CE00DD092C /* ListServiceController.swift in Sources */ = {isa = PBXBuildFile; fileRef = 91355B3425F231CE00DD092C /* ListServiceController.swift */; };
		91355B3925F231E300DD092C /* ListDataController.swift in Sources */ = {isa = PBXBuildFile; fileRef = 91355B3825F231E300DD092C /* ListDataController.swift */; };
		91355B3D25F2321200DD092C /* Service.swift in Sources */ = {isa = PBXBuildFile; fileRef = 91355B3C25F2321200DD092C /* Service.swift */; };
		91355B4025F233CD00DD092C /* Resource.swift in Sources */ = {isa = PBXBuildFile; fileRef = 91355B3F25F233CD00DD092C /* Resource.swift */; };
		91355B4325F233D400DD092C /* Request.swift in Sources */ = {isa = PBXBuildFile; fileRef = 91355B4225F233D400DD092C /* Request.swift */; };
		91355B4625F2343500DD092C /* HTTPMethod.swift in Sources */ = {isa = PBXBuildFile; fileRef = 91355B4525F2343500DD092C /* HTTPMethod.swift */; };
		91355B4925F2347800DD092C /* Parameters.swift in Sources */ = {isa = PBXBuildFile; fileRef = 91355B4825F2347800DD092C /* Parameters.swift */; };
		91355B4C25F2371C00DD092C /* String+Ext.swift in Sources */ = {isa = PBXBuildFile; fileRef = 91355B4B25F2371C00DD092C /* String+Ext.swift */; };
		91355B5725F23B8C00DD092C /* Environment.swift in Sources */ = {isa = PBXBuildFile; fileRef = 91355B5625F23B8C00DD092C /* Environment.swift */; };
		91355B5B25F23BA400DD092C /* PostService.swift in Sources */ = {isa = PBXBuildFile; fileRef = 91355B5A25F23BA400DD092C /* PostService.swift */; };
		91355B5F25F23D1A00DD092C /* Post.swift in Sources */ = {isa = PBXBuildFile; fileRef = 91355B5E25F23D1900DD092C /* Post.swift */; };
/* End PBXBuildFile section */

/* Begin PBXFileReference section */
		9109CEED25F244B40032BBFA /* PostTableViewCell.swift */ = {isa = PBXFileReference; lastKnownFileType = sourcecode.swift; path = PostTableViewCell.swift; sourceTree = "<group>"; };
		9109CEEE25F244B40032BBFA /* PostTableViewCell.xib */ = {isa = PBXFileReference; lastKnownFileType = file.xib; path = PostTableViewCell.xib; sourceTree = "<group>"; };
		9109CEF425F24A250032BBFA /* Reusable.swift */ = {isa = PBXFileReference; fileEncoding = 4; lastKnownFileType = sourcecode.swift; path = Reusable.swift; sourceTree = "<group>"; };
		9109CEF725F24A430032BBFA /* NibLoadable.swift */ = {isa = PBXFileReference; fileEncoding = 4; lastKnownFileType = sourcecode.swift; path = NibLoadable.swift; sourceTree = "<group>"; };
		9109CEFC25F24BF00032BBFA /* UITableView+Reusable.swift */ = {isa = PBXFileReference; fileEncoding = 4; lastKnownFileType = sourcecode.swift; path = "UITableView+Reusable.swift"; sourceTree = "<group>"; };
		91355B1B25F231AF00DD092C /* Lister.app */ = {isa = PBXFileReference; explicitFileType = wrapper.application; includeInIndex = 0; path = Lister.app; sourceTree = BUILT_PRODUCTS_DIR; };
		91355B1E25F231AF00DD092C /* AppDelegate.swift */ = {isa = PBXFileReference; lastKnownFileType = sourcecode.swift; path = AppDelegate.swift; sourceTree = "<group>"; };
		91355B2025F231AF00DD092C /* SceneDelegate.swift */ = {isa = PBXFileReference; lastKnownFileType = sourcecode.swift; path = SceneDelegate.swift; sourceTree = "<group>"; };
		91355B2225F231AF00DD092C /* ListViewController.swift */ = {isa = PBXFileReference; lastKnownFileType = sourcecode.swift; path = ListViewController.swift; sourceTree = "<group>"; };
		91355B2525F231AF00DD092C /* Base */ = {isa = PBXFileReference; lastKnownFileType = file.storyboard; name = Base; path = Base.lproj/Main.storyboard; sourceTree = "<group>"; };
		91355B2725F231B100DD092C /* Assets.xcassets */ = {isa = PBXFileReference; lastKnownFileType = folder.assetcatalog; path = Assets.xcassets; sourceTree = "<group>"; };
		91355B2A25F231B100DD092C /* Base */ = {isa = PBXFileReference; lastKnownFileType = file.storyboard; name = Base; path = Base.lproj/LaunchScreen.storyboard; sourceTree = "<group>"; };
		91355B2C25F231B100DD092C /* Info.plist */ = {isa = PBXFileReference; lastKnownFileType = text.plist.xml; path = Info.plist; sourceTree = "<group>"; };
		91355B3425F231CE00DD092C /* ListServiceController.swift */ = {isa = PBXFileReference; lastKnownFileType = sourcecode.swift; path = ListServiceController.swift; sourceTree = "<group>"; };
		91355B3825F231E300DD092C /* ListDataController.swift */ = {isa = PBXFileReference; lastKnownFileType = sourcecode.swift; path = ListDataController.swift; sourceTree = "<group>"; };
		91355B3C25F2321200DD092C /* Service.swift */ = {isa = PBXFileReference; fileEncoding = 4; lastKnownFileType = sourcecode.swift; path = Service.swift; sourceTree = "<group>"; };
		91355B3F25F233CD00DD092C /* Resource.swift */ = {isa = PBXFileReference; fileEncoding = 4; lastKnownFileType = sourcecode.swift; path = Resource.swift; sourceTree = "<group>"; };
		91355B4225F233D400DD092C /* Request.swift */ = {isa = PBXFileReference; fileEncoding = 4; lastKnownFileType = sourcecode.swift; path = Request.swift; sourceTree = "<group>"; };
		91355B4525F2343500DD092C /* HTTPMethod.swift */ = {isa = PBXFileReference; fileEncoding = 4; lastKnownFileType = sourcecode.swift; path = HTTPMethod.swift; sourceTree = "<group>"; };
		91355B4825F2347800DD092C /* Parameters.swift */ = {isa = PBXFileReference; fileEncoding = 4; lastKnownFileType = sourcecode.swift; path = Parameters.swift; sourceTree = "<group>"; };
		91355B4B25F2371C00DD092C /* String+Ext.swift */ = {isa = PBXFileReference; fileEncoding = 4; lastKnownFileType = sourcecode.swift; path = "String+Ext.swift"; sourceTree = "<group>"; };
		91355B5625F23B8C00DD092C /* Environment.swift */ = {isa = PBXFileReference; fileEncoding = 4; lastKnownFileType = sourcecode.swift; path = Environment.swift; sourceTree = "<group>"; };
		91355B5A25F23BA400DD092C /* PostService.swift */ = {isa = PBXFileReference; fileEncoding = 4; lastKnownFileType = sourcecode.swift; path = PostService.swift; sourceTree = "<group>"; };
		91355B5E25F23D1900DD092C /* Post.swift */ = {isa = PBXFileReference; lastKnownFileType = sourcecode.swift; path = Post.swift; sourceTree = "<group>"; };
/* End PBXFileReference section */

/* Begin PBXFrameworksBuildPhase section */
		91355B1825F231AF00DD092C /* Frameworks */ = {
			isa = PBXFrameworksBuildPhase;
			buildActionMask = 2147483647;
			files = (
			);
			runOnlyForDeploymentPostprocessing = 0;
		};
/* End PBXFrameworksBuildPhase section */

/* Begin PBXGroup section */
		9109CEFA25F24A670032BBFA /* Cells */ = {
			isa = PBXGroup;
			children = (
				9109CEED25F244B40032BBFA /* PostTableViewCell.swift */,
				9109CEEE25F244B40032BBFA /* PostTableViewCell.xib */,
			);
			path = Cells;
			sourceTree = "<group>";
		};
		91355B1225F231AF00DD092C = {
			isa = PBXGroup;
			children = (
				91355B1D25F231AF00DD092C /* Lister */,
				91355B1C25F231AF00DD092C /* Products */,
			);
			sourceTree = "<group>";
		};
		91355B1C25F231AF00DD092C /* Products */ = {
			isa = PBXGroup;
			children = (
				91355B1B25F231AF00DD092C /* Lister.app */,
			);
			name = Products;
			sourceTree = "<group>";
		};
		91355B1D25F231AF00DD092C /* Lister */ = {
			isa = PBXGroup;
			children = (
				91355B5525F23B6500DD092C /* Service */,
				91355B5225F2385900DD092C /* Utility */,
				91355B5125F2384B00DD092C /* API */,
				91355B4F25F2382900DD092C /* Factory */,
				91355B5025F2383900DD092C /* ListView */,
				91355B2425F231AF00DD092C /* Main.storyboard */,
				91355B2725F231B100DD092C /* Assets.xcassets */,
				91355B2925F231B100DD092C /* LaunchScreen.storyboard */,
				91355B2C25F231B100DD092C /* Info.plist */,
				91355B6125F23D1E00DD092C /* Models */,
				9109CEFA25F24A670032BBFA /* Cells */,
			);
			path = Lister;
			sourceTree = "<group>";
		};
		91355B4F25F2382900DD092C /* Factory */ = {
			isa = PBXGroup;
			children = (
				91355B2025F231AF00DD092C /* SceneDelegate.swift */,
				91355B1E25F231AF00DD092C /* AppDelegate.swift */,
			);
			path = Factory;
			sourceTree = "<group>";
		};
		91355B5025F2383900DD092C /* ListView */ = {
			isa = PBXGroup;
			children = (
				91355B2225F231AF00DD092C /* ListViewController.swift */,
				91355B3425F231CE00DD092C /* ListServiceController.swift */,
				91355B3825F231E300DD092C /* ListDataController.swift */,
			);
			path = ListView;
			sourceTree = "<group>";
		};
		91355B5125F2384B00DD092C /* API */ = {
			isa = PBXGroup;
			children = (
				91355B3C25F2321200DD092C /* Service.swift */,
				91355B3F25F233CD00DD092C /* Resource.swift */,
				91355B4225F233D400DD092C /* Request.swift */,
				91355B4825F2347800DD092C /* Parameters.swift */,
				91355B4525F2343500DD092C /* HTTPMethod.swift */,
			);
			path = API;
			sourceTree = "<group>";
		};
		91355B5225F2385900DD092C /* Utility */ = {
			isa = PBXGroup;
			children = (
				9109CEFC25F24BF00032BBFA /* UITableView+Reusable.swift */,
				9109CEF425F24A250032BBFA /* Reusable.swift */,
				9109CEF725F24A430032BBFA /* NibLoadable.swift */,
				91355B4B25F2371C00DD092C /* String+Ext.swift */,
			);
			path = Utility;
			sourceTree = "<group>";
		};
		91355B5525F23B6500DD092C /* Service */ = {
			isa = PBXGroup;
			children = (
				91355B5A25F23BA400DD092C /* PostService.swift */,
				91355B5625F23B8C00DD092C /* Environment.swift */,
			);
			path = Service;
			sourceTree = "<group>";
		};
		91355B6125F23D1E00DD092C /* Models */ = {
			isa = PBXGroup;
			children = (
				91355B5E25F23D1900DD092C /* Post.swift */,
			);
			path = Models;
			sourceTree = "<group>";
		};
/* End PBXGroup section */

/* Begin PBXNativeTarget section */
		91355B1A25F231AF00DD092C /* Lister */ = {
			isa = PBXNativeTarget;
			buildConfigurationList = 91355B2F25F231B100DD092C /* Build configuration list for PBXNativeTarget "Lister" */;
			buildPhases = (
				91355B1725F231AF00DD092C /* Sources */,
				91355B1825F231AF00DD092C /* Frameworks */,
				91355B1925F231AF00DD092C /* Resources */,
			);
			buildRules = (
			);
			dependencies = (
			);
			name = Lister;
			productName = Lister;
			productReference = 91355B1B25F231AF00DD092C /* Lister.app */;
			productType = "com.apple.product-type.application";
		};
/* End PBXNativeTarget section */

/* Begin PBXProject section */
		91355B1325F231AF00DD092C /* Project object */ = {
			isa = PBXProject;
			attributes = {
				LastSwiftUpdateCheck = 1240;
				LastUpgradeCheck = 1240;
				TargetAttributes = {
					91355B1A25F231AF00DD092C = {
						CreatedOnToolsVersion = 12.4;
					};
				};
			};
			buildConfigurationList = 91355B1625F231AF00DD092C /* Build configuration list for PBXProject "Lister" */;
			compatibilityVersion = "Xcode 9.3";
			developmentRegion = en;
			hasScannedForEncodings = 0;
			knownRegions = (
				en,
				Base,
			);
			mainGroup = 91355B1225F231AF00DD092C;
			productRefGroup = 91355B1C25F231AF00DD092C /* Products */;
			projectDirPath = "";
			projectRoot = "";
			targets = (
				91355B1A25F231AF00DD092C /* Lister */,
			);
		};
/* End PBXProject section */

/* Begin PBXResourcesBuildPhase section */
		91355B1925F231AF00DD092C /* Resources */ = {
			isa = PBXResourcesBuildPhase;
			buildActionMask = 2147483647;
			files = (
				91355B2B25F231B100DD092C /* LaunchScreen.storyboard in Resources */,
				91355B2825F231B100DD092C /* Assets.xcassets in Resources */,
				91355B2625F231AF00DD092C /* Main.storyboard in Resources */,
				9109CEF025F244B40032BBFA /* PostTableViewCell.xib in Resources */,
			);
			runOnlyForDeploymentPostprocessing = 0;
		};
/* End PBXResourcesBuildPhase section */

/* Begin PBXSourcesBuildPhase section */
		91355B1725F231AF00DD092C /* Sources */ = {
			isa = PBXSourcesBuildPhase;
			buildActionMask = 2147483647;
			files = (
				91355B3925F231E300DD092C /* ListDataController.swift in Sources */,
				9109CEF825F24A430032BBFA /* NibLoadable.swift in Sources */,
				91355B4325F233D400DD092C /* Request.swift in Sources */,
				91355B2325F231AF00DD092C /* ListViewController.swift in Sources */,
				9109CEFD25F24BF00032BBFA /* UITableView+Reusable.swift in Sources */,
				91355B3525F231CE00DD092C /* ListServiceController.swift in Sources */,
				91355B1F25F231AF00DD092C /* AppDelegate.swift in Sources */,
				91355B5725F23B8C00DD092C /* Environment.swift in Sources */,
				9109CEEF25F244B40032BBFA /* PostTableViewCell.swift in Sources */,
				91355B5B25F23BA400DD092C /* PostService.swift in Sources */,
				91355B4925F2347800DD092C /* Parameters.swift in Sources */,
				91355B4625F2343500DD092C /* HTTPMethod.swift in Sources */,
				91355B5F25F23D1A00DD092C /* Post.swift in Sources */,
				91355B3D25F2321200DD092C /* Service.swift in Sources */,
				9109CEF525F24A250032BBFA /* Reusable.swift in Sources */,
				91355B2125F231AF00DD092C /* SceneDelegate.swift in Sources */,
				91355B4025F233CD00DD092C /* Resource.swift in Sources */,
				91355B4C25F2371C00DD092C /* String+Ext.swift in Sources */,
			);
			runOnlyForDeploymentPostprocessing = 0;
		};
/* End PBXSourcesBuildPhase section */

/* Begin PBXVariantGroup section */
		91355B2425F231AF00DD092C /* Main.storyboard */ = {
			isa = PBXVariantGroup;
			children = (
				91355B2525F231AF00DD092C /* Base */,
			);
			name = Main.storyboard;
			sourceTree = "<group>";
		};
		91355B2925F231B100DD092C /* LaunchScreen.storyboard */ = {
			isa = PBXVariantGroup;
			children = (
				91355B2A25F231B100DD092C /* Base */,
			);
			name = LaunchScreen.storyboard;
			sourceTree = "<group>";
		};
/* End PBXVariantGroup section */

/* Begin XCBuildConfiguration section */
		91355B2D25F231B100DD092C /* Debug */ = {
			isa = XCBuildConfiguration;
			buildSettings = {
				ALWAYS_SEARCH_USER_PATHS = NO;
				CLANG_ANALYZER_NONNULL = YES;
				CLANG_ANALYZER_NUMBER_OBJECT_CONVERSION = YES_AGGRESSIVE;
				CLANG_CXX_LANGUAGE_STANDARD = "gnu++14";
				CLANG_CXX_LIBRARY = "libc++";
				CLANG_ENABLE_MODULES = YES;
				CLANG_ENABLE_OBJC_ARC = YES;
				CLANG_ENABLE_OBJC_WEAK = YES;
				CLANG_WARN_BLOCK_CAPTURE_AUTORELEASING = YES;
				CLANG_WARN_BOOL_CONVERSION = YES;
				CLANG_WARN_COMMA = YES;
				CLANG_WARN_CONSTANT_CONVERSION = YES;
				CLANG_WARN_DEPRECATED_OBJC_IMPLEMENTATIONS = YES;
				CLANG_WARN_DIRECT_OBJC_ISA_USAGE = YES_ERROR;
				CLANG_WARN_DOCUMENTATION_COMMENTS = YES;
				CLANG_WARN_EMPTY_BODY = YES;
				CLANG_WARN_ENUM_CONVERSION = YES;
				CLANG_WARN_INFINITE_RECURSION = YES;
				CLANG_WARN_INT_CONVERSION = YES;
				CLANG_WARN_NON_LITERAL_NULL_CONVERSION = YES;
				CLANG_WARN_OBJC_IMPLICIT_RETAIN_SELF = YES;
				CLANG_WARN_OBJC_LITERAL_CONVERSION = YES;
				CLANG_WARN_OBJC_ROOT_CLASS = YES_ERROR;
				CLANG_WARN_QUOTED_INCLUDE_IN_FRAMEWORK_HEADER = YES;
				CLANG_WARN_RANGE_LOOP_ANALYSIS = YES;
				CLANG_WARN_STRICT_PROTOTYPES = YES;
				CLANG_WARN_SUSPICIOUS_MOVE = YES;
				CLANG_WARN_UNGUARDED_AVAILABILITY = YES_AGGRESSIVE;
				CLANG_WARN_UNREACHABLE_CODE = YES;
				CLANG_WARN__DUPLICATE_METHOD_MATCH = YES;
				COPY_PHASE_STRIP = NO;
				DEBUG_INFORMATION_FORMAT = dwarf;
				ENABLE_STRICT_OBJC_MSGSEND = YES;
				ENABLE_TESTABILITY = YES;
				GCC_C_LANGUAGE_STANDARD = gnu11;
				GCC_DYNAMIC_NO_PIC = NO;
				GCC_NO_COMMON_BLOCKS = YES;
				GCC_OPTIMIZATION_LEVEL = 0;
				GCC_PREPROCESSOR_DEFINITIONS = (
					"DEBUG=1",
					"$(inherited)",
				);
				GCC_WARN_64_TO_32_BIT_CONVERSION = YES;
				GCC_WARN_ABOUT_RETURN_TYPE = YES_ERROR;
				GCC_WARN_UNDECLARED_SELECTOR = YES;
				GCC_WARN_UNINITIALIZED_AUTOS = YES_AGGRESSIVE;
				GCC_WARN_UNUSED_FUNCTION = YES;
				GCC_WARN_UNUSED_VARIABLE = YES;
				IPHONEOS_DEPLOYMENT_TARGET = 14.4;
				MTL_ENABLE_DEBUG_INFO = INCLUDE_SOURCE;
				MTL_FAST_MATH = YES;
				ONLY_ACTIVE_ARCH = YES;
				SDKROOT = iphoneos;
				SWIFT_ACTIVE_COMPILATION_CONDITIONS = DEBUG;
				SWIFT_OPTIMIZATION_LEVEL = "-Onone";
			};
			name = Debug;
		};
		91355B2E25F231B100DD092C /* Release */ = {
			isa = XCBuildConfiguration;
			buildSettings = {
				ALWAYS_SEARCH_USER_PATHS = NO;
				CLANG_ANALYZER_NONNULL = YES;
				CLANG_ANALYZER_NUMBER_OBJECT_CONVERSION = YES_AGGRESSIVE;
				CLANG_CXX_LANGUAGE_STANDARD = "gnu++14";
				CLANG_CXX_LIBRARY = "libc++";
				CLANG_ENABLE_MODULES = YES;
				CLANG_ENABLE_OBJC_ARC = YES;
				CLANG_ENABLE_OBJC_WEAK = YES;
				CLANG_WARN_BLOCK_CAPTURE_AUTORELEASING = YES;
				CLANG_WARN_BOOL_CONVERSION = YES;
				CLANG_WARN_COMMA = YES;
				CLANG_WARN_CONSTANT_CONVERSION = YES;
				CLANG_WARN_DEPRECATED_OBJC_IMPLEMENTATIONS = YES;
				CLANG_WARN_DIRECT_OBJC_ISA_USAGE = YES_ERROR;
				CLANG_WARN_DOCUMENTATION_COMMENTS = YES;
				CLANG_WARN_EMPTY_BODY = YES;
				CLANG_WARN_ENUM_CONVERSION = YES;
				CLANG_WARN_INFINITE_RECURSION = YES;
				CLANG_WARN_INT_CONVERSION = YES;
				CLANG_WARN_NON_LITERAL_NULL_CONVERSION = YES;
				CLANG_WARN_OBJC_IMPLICIT_RETAIN_SELF = YES;
				CLANG_WARN_OBJC_LITERAL_CONVERSION = YES;
				CLANG_WARN_OBJC_ROOT_CLASS = YES_ERROR;
				CLANG_WARN_QUOTED_INCLUDE_IN_FRAMEWORK_HEADER = YES;
				CLANG_WARN_RANGE_LOOP_ANALYSIS = YES;
				CLANG_WARN_STRICT_PROTOTYPES = YES;
				CLANG_WARN_SUSPICIOUS_MOVE = YES;
				CLANG_WARN_UNGUARDED_AVAILABILITY = YES_AGGRESSIVE;
				CLANG_WARN_UNREACHABLE_CODE = YES;
				CLANG_WARN__DUPLICATE_METHOD_MATCH = YES;
				COPY_PHASE_STRIP = NO;
				DEBUG_INFORMATION_FORMAT = "dwarf-with-dsym";
				ENABLE_NS_ASSERTIONS = NO;
				ENABLE_STRICT_OBJC_MSGSEND = YES;
				GCC_C_LANGUAGE_STANDARD = gnu11;
				GCC_NO_COMMON_BLOCKS = YES;
				GCC_WARN_64_TO_32_BIT_CONVERSION = YES;
				GCC_WARN_ABOUT_RETURN_TYPE = YES_ERROR;
				GCC_WARN_UNDECLARED_SELECTOR = YES;
				GCC_WARN_UNINITIALIZED_AUTOS = YES_AGGRESSIVE;
				GCC_WARN_UNUSED_FUNCTION = YES;
				GCC_WARN_UNUSED_VARIABLE = YES;
				IPHONEOS_DEPLOYMENT_TARGET = 14.4;
				MTL_ENABLE_DEBUG_INFO = NO;
				MTL_FAST_MATH = YES;
				SDKROOT = iphoneos;
				SWIFT_COMPILATION_MODE = wholemodule;
				SWIFT_OPTIMIZATION_LEVEL = "-O";
				VALIDATE_PRODUCT = YES;
			};
			name = Release;
		};
		91355B3025F231B100DD092C /* Debug */ = {
			isa = XCBuildConfiguration;
			buildSettings = {
				ASSETCATALOG_COMPILER_APPICON_NAME = AppIcon;
				ASSETCATALOG_COMPILER_GLOBAL_ACCENT_COLOR_NAME = AccentColor;
				CODE_SIGN_STYLE = Automatic;
				DEVELOPMENT_TEAM = X2J5768T7W;
				INFOPLIST_FILE = Lister/Info.plist;
				LD_RUNPATH_SEARCH_PATHS = (
					"$(inherited)",
					"@executable_path/Frameworks",
				);
				PRODUCT_BUNDLE_IDENTIFIER = com.raj.iOSLister;
				PRODUCT_NAME = "$(TARGET_NAME)";
				SWIFT_VERSION = 5.0;
				TARGETED_DEVICE_FAMILY = "1,2";
			};
			name = Debug;
		};
		91355B3125F231B100DD092C /* Release */ = {
			isa = XCBuildConfiguration;
			buildSettings = {
				ASSETCATALOG_COMPILER_APPICON_NAME = AppIcon;
				ASSETCATALOG_COMPILER_GLOBAL_ACCENT_COLOR_NAME = AccentColor;
				CODE_SIGN_STYLE = Automatic;
				DEVELOPMENT_TEAM = X2J5768T7W;
				INFOPLIST_FILE = Lister/Info.plist;
				LD_RUNPATH_SEARCH_PATHS = (
					"$(inherited)",
					"@executable_path/Frameworks",
				);
				PRODUCT_BUNDLE_IDENTIFIER = com.raj.iOSLister;
				PRODUCT_NAME = "$(TARGET_NAME)";
				SWIFT_VERSION = 5.0;
				TARGETED_DEVICE_FAMILY = "1,2";
			};
			name = Release;
		};
/* End XCBuildConfiguration section */

/* Begin XCConfigurationList section */
		91355B1625F231AF00DD092C /* Build configuration list for PBXProject "Lister" */ = {
			isa = XCConfigurationList;
			buildConfigurations = (
				91355B2D25F231B100DD092C /* Debug */,
				91355B2E25F231B100DD092C /* Release */,
			);
			defaultConfigurationIsVisible = 0;
			defaultConfigurationName = Release;
		};
		91355B2F25F231B100DD092C /* Build configuration list for PBXNativeTarget "Lister" */ = {
			isa = XCConfigurationList;
			buildConfigurations = (
				91355B3025F231B100DD092C /* Debug */,
				91355B3125F231B100DD092C /* Release */,
			);
			defaultConfigurationIsVisible = 0;
			defaultConfigurationName = Release;
		};
/* End XCConfigurationList section */
	};
	rootObject = 91355B1325F231AF00DD092C /* Project object */;
}
